
Microsoft Visual Studio Solution File, Format Version 12.00
# Visual Studio 15
VisualStudioVersion = 15.0.28307.168
MinimumVisualStudioVersion = 10.0.40219.1
Project("{FAE04EC0-301F-11D3-BF4B-00C04F79EFBC}") = "Bing.Excels", "src\Bing.Excels\Bing.Excels.csproj", "{1B158246-1533-4568-80F0-EF095E6BC4A5}"
EndProject
Global
	GlobalSection(SolutionConfigurationPlatforms) = preSolution
		Debug|Any CPU = Debug|Any CPU
		Release|Any CPU = Release|Any CPU
	EndGlobalSection
	GlobalSection(ProjectConfigurationPlatforms) = postSolution
		{1B158246-1533-4568-80F0-EF095E6BC4A5}.Debug|Any CPU.ActiveCfg = Debug|Any CPU
		{1B158246-1533-4568-80F0-EF095E6BC4A5}.Debug|Any CPU.Build.0 = Debug|Any CPU
		{1B158246-1533-4568-80F0-EF095E6BC4A5}.Release|Any CPU.ActiveCfg = Release|Any CPU
		{1B158246-1533-4568-80F0-EF095E6BC4A5}.Release|Any CPU.Build.0 = Release|Any CPU
	EndGlobalSection
	GlobalSection(SolutionProperties) = preSolution
		HideSolutionNode = FALSE
	EndGlobalSection
	GlobalSection(ExtensibilityGlobals) = postSolution
		SolutionGuid = {79EEBA40-B86D-4539-98EC-F88FA3CD0F4F}
	EndGlobalSection
EndGlobal
